// !$*UTF8*$!
{
	archiveVersion = 1;
	classes = {
	};
	objectVersion = 46;
	objects = {

/* Begin PBXBuildFile section */
		18A05C831E8E1E4200E3E44E /* main.m in Sources */ = {isa = PBXBuildFile; fileRef = 18A05C821E8E1E4200E3E44E /* main.m */; };
		18A05C861E8E1E4200E3E44E /* AppDelegate.m in Sources */ = {isa = PBXBuildFile; fileRef = 18A05C851E8E1E4200E3E44E /* AppDelegate.m */; };
		18A05C891E8E1E4200E3E44E /* ViewController.m in Sources */ = {isa = PBXBuildFile; fileRef = 18A05C881E8E1E4200E3E44E /* ViewController.m */; };
		18A05C8C1E8E1E4200E3E44E /* Main.storyboard in Resources */ = {isa = PBXBuildFile; fileRef = 18A05C8A1E8E1E4200E3E44E /* Main.storyboard */; };
		18A05C8E1E8E1E4200E3E44E /* Assets.xcassets in Resources */ = {isa = PBXBuildFile; fileRef = 18A05C8D1E8E1E4200E3E44E /* Assets.xcassets */; };
		18A05C911E8E1E4200E3E44E /* LaunchScreen.storyboard in Resources */ = {isa = PBXBuildFile; fileRef = 18A05C8F1E8E1E4200E3E44E /* LaunchScreen.storyboard */; };
		18A05C9C1E8E1E4200E3E44E /* weibpTests.m in Sources */ = {isa = PBXBuildFile; fileRef = 18A05C9B1E8E1E4200E3E44E /* weibpTests.m */; };
		18A05CA71E8E1E4200E3E44E /* weibpUITests.m in Sources */ = {isa = PBXBuildFile; fileRef = 18A05CA61E8E1E4200E3E44E /* weibpUITests.m */; };
/* End PBXBuildFile section */

/* Begin PBXContainerItemProxy section */
		18A05C981E8E1E4200E3E44E /* PBXContainerItemProxy */ = {
			isa = PBXContainerItemProxy;
			containerPortal = 18A05C761E8E1E4200E3E44E /* Project object */;
			proxyType = 1;
			remoteGlobalIDString = 18A05C7D1E8E1E4200E3E44E;
			remoteInfo = weibp;
		};
		18A05CA31E8E1E4200E3E44E /* PBXContainerItemProxy */ = {
			isa = PBXContainerItemProxy;
			containerPortal = 18A05C761E8E1E4200E3E44E /* Project object */;
			proxyType = 1;
			remoteGlobalIDString = 18A05C7D1E8E1E4200E3E44E;
			remoteInfo = weibp;
		};
/* End PBXContainerItemProxy section */

/* Begin PBXFileReference section */
		18A05C7E1E8E1E4200E3E44E /* weibp.app */ = {isa = PBXFileReference; explicitFileType = wrapper.application; includeInIndex = 0; path = weibp.app; sourceTree = BUILT_PRODUCTS_DIR; };
		18A05C821E8E1E4200E3E44E /* main.m */ = {isa = PBXFileReference; lastKnownFileType = sourcecode.c.objc; path = main.m; sourceTree = "<group>"; };
		18A05C841E8E1E4200E3E44E /* AppDelegate.h */ = {isa = PBXFileReference; lastKnownFileType = sourcecode.c.h; path = AppDelegate.h; sourceTree = "<group>"; };
		18A05C851E8E1E4200E3E44E /* AppDelegate.m */ = {isa = PBXFileReference; lastKnownFileType = sourcecode.c.objc; path = AppDelegate.m; sourceTree = "<group>"; };
		18A05C871E8E1E4200E3E44E /* ViewController.h */ = {isa = PBXFileReference; lastKnownFileType = sourcecode.c.h; path = ViewController.h; sourceTree = "<group>"; };
		18A05C881E8E1E4200E3E44E /* ViewController.m */ = {isa = PBXFileReference; lastKnownFileType = sourcecode.c.objc; path = ViewController.m; sourceTree = "<group>"; };
		18A05C8B1E8E1E4200E3E44E /* Base */ = {isa = PBXFileReference; lastKnownFileType = file.storyboard; name = Base; path = Base.lproj/Main.storyboard; sourceTree = "<group>"; };
		18A05C8D1E8E1E4200E3E44E /* Assets.xcassets */ = {isa = PBXFileReference; lastKnownFileType = folder.assetcatalog; path = Assets.xcassets; sourceTree = "<group>"; };
		18A05C901E8E1E4200E3E44E /* Base */ = {isa = PBXFileReference; lastKnownFileType = file.storyboard; name = Base; path = Base.lproj/LaunchScreen.storyboard; sourceTree = "<group>"; };
		18A05C921E8E1E4200E3E44E /* Info.plist */ = {isa = PBXFileReference; lastKnownFileType = text.plist.xml; path = Info.plist; sourceTree = "<group>"; };
		18A05C971E8E1E4200E3E44E /* weibpTests.xctest */ = {isa = PBXFileReference; explicitFileType = wrapper.cfbundle; includeInIndex = 0; path = weibpTests.xctest; sourceTree = BUILT_PRODUCTS_DIR; };
		18A05C9B1E8E1E4200E3E44E /* weibpTests.m */ = {isa = PBXFileReference; lastKnownFileType = sourcecode.c.objc; path = weibpTests.m; sourceTree = "<group>"; };
		18A05C9D1E8E1E4200E3E44E /* Info.plist */ = {isa = PBXFileReference; lastKnownFileType = text.plist.xml; path = Info.plist; sourceTree = "<group>"; };
		18A05CA21E8E1E4200E3E44E /* weibpUITests.xctest */ = {isa = PBXFileReference; explicitFileType = wrapper.cfbundle; includeInIndex = 0; path = weibpUITests.xctest; sourceTree = BUILT_PRODUCTS_DIR; };
		18A05CA61E8E1E4200E3E44E /* weibpUITests.m */ = {isa = PBXFileReference; lastKnownFileType = sourcecode.c.objc; path = weibpUITests.m; sourceTree = "<group>"; };
		18A05CA81E8E1E4200E3E44E /* Info.plist */ = {isa = PBXFileReference; lastKnownFileType = text.plist.xml; path = Info.plist; sourceTree = "<group>"; };
/* End PBXFileReference section */

/* Begin PBXFrameworksBuildPhase section */
		18A05C7B1E8E1E4200E3E44E /* Frameworks */ = {
			isa = PBXFrameworksBuildPhase;
			buildActionMask = 2147483647;
			files = (
			);
			runOnlyForDeploymentPostprocessing = 0;
		};
		18A05C941E8E1E4200E3E44E /* Frameworks */ = {
			isa = PBXFrameworksBuildPhase;
			buildActionMask = 2147483647;
			files = (
			);
			runOnlyForDeploymentPostprocessing = 0;
		};
		18A05C9F1E8E1E4200E3E44E /* Frameworks */ = {
			isa = PBXFrameworksBuildPhase;
			buildActionMask = 2147483647;
			files = (
			);
			runOnlyForDeploymentPostprocessing = 0;
		};
/* End PBXFrameworksBuildPhase section */

/* Begin PBXGroup section */
		18A05C751E8E1E4200E3E44E = {
			isa = PBXGroup;
			children = (
				18A05C801E8E1E4200E3E44E /* weibp */,
				18A05C9A1E8E1E4200E3E44E /* weibpTests */,
				18A05CA51E8E1E4200E3E44E /* weibpUITests */,
				18A05C7F1E8E1E4200E3E44E /* Products */,
			);
			sourceTree = "<group>";
		};
		18A05C7F1E8E1E4200E3E44E /* Products */ = {
			isa = PBXGroup;
			children = (
				18A05C7E1E8E1E4200E3E44E /* weibp.app */,
				18A05C971E8E1E4200E3E44E /* weibpTests.xctest */,
				18A05CA21E8E1E4200E3E44E /* weibpUITests.xctest */,
			);
			name = Products;
			sourceTree = "<group>";
		};
		18A05C801E8E1E4200E3E44E /* weibp */ = {
			isa = PBXGroup;
			children = (
				18A05C841E8E1E4200E3E44E /* AppDelegate.h */,
				18A05C851E8E1E4200E3E44E /* AppDelegate.m */,
				18A05C871E8E1E4200E3E44E /* ViewController.h */,
				18A05C881E8E1E4200E3E44E /* ViewController.m */,
				18A05C8A1E8E1E4200E3E44E /* Main.storyboard */,
				18A05C8D1E8E1E4200E3E44E /* Assets.xcassets */,
				18A05C8F1E8E1E4200E3E44E /* LaunchScreen.storyboard */,
				18A05C921E8E1E4200E3E44E /* Info.plist */,
				18A05C811E8E1E4200E3E44E /* Supporting Files */,
			);
			path = weibp;
			sourceTree = "<group>";
		};
		18A05C811E8E1E4200E3E44E /* Supporting Files */ = {
			isa = PBXGroup;
			children = (
				18A05C821E8E1E4200E3E44E /* main.m */,
			);
			name = "Supporting Files";
			sourceTree = "<group>";
		};
		18A05C9A1E8E1E4200E3E44E /* weibpTests */ = {
			isa = PBXGroup;
			children = (
				18A05C9B1E8E1E4200E3E44E /* weibpTests.m */,
				18A05C9D1E8E1E4200E3E44E /* Info.plist */,
			);
			path = weibpTests;
			sourceTree = "<group>";
		};
		18A05CA51E8E1E4200E3E44E /* weibpUITests */ = {
			isa = PBXGroup;
			children = (
				18A05CA61E8E1E4200E3E44E /* weibpUITests.m */,
				18A05CA81E8E1E4200E3E44E /* Info.plist */,
			);
			path = weibpUITests;
			sourceTree = "<group>";
		};
/* End PBXGroup section */

/* Begin PBXNativeTarget section */
		18A05C7D1E8E1E4200E3E44E /* weibp */ = {
			isa = PBXNativeTarget;
			buildConfigurationList = 18A05CAB1E8E1E4200E3E44E /* Build configuration list for PBXNativeTarget "weibp" */;
			buildPhases = (
				18A05C7A1E8E1E4200E3E44E /* Sources */,
				18A05C7B1E8E1E4200E3E44E /* Frameworks */,
				18A05C7C1E8E1E4200E3E44E /* Resources */,
			);
			buildRules = (
			);
			dependencies = (
			);
			name = weibp;
			productName = weibp;
			productReference = 18A05C7E1E8E1E4200E3E44E /* weibp.app */;
			productType = "com.apple.product-type.application";
		};
		18A05C961E8E1E4200E3E44E /* weibpTests */ = {
			isa = PBXNativeTarget;
			buildConfigurationList = 18A05CAE1E8E1E4200E3E44E /* Build configuration list for PBXNativeTarget "weibpTests" */;
			buildPhases = (
				18A05C931E8E1E4200E3E44E /* Sources */,
				18A05C941E8E1E4200E3E44E /* Frameworks */,
				18A05C951E8E1E4200E3E44E /* Resources */,
			);
			buildRules = (
			);
			dependencies = (
				18A05C991E8E1E4200E3E44E /* PBXTargetDependency */,
			);
			name = weibpTests;
			productName = weibpTests;
			productReference = 18A05C971E8E1E4200E3E44E /* weibpTests.xctest */;
			productType = "com.apple.product-type.bundle.unit-test";
		};
		18A05CA11E8E1E4200E3E44E /* weibpUITests */ = {
			isa = PBXNativeTarget;
			buildConfigurationList = 18A05CB11E8E1E4200E3E44E /* Build configuration list for PBXNativeTarget "weibpUITests" */;
			buildPhases = (
				18A05C9E1E8E1E4200E3E44E /* Sources */,
				18A05C9F1E8E1E4200E3E44E /* Frameworks */,
				18A05CA01E8E1E4200E3E44E /* Resources */,
			);
			buildRules = (
			);
			dependencies = (
				18A05CA41E8E1E4200E3E44E /* PBXTargetDependency */,
			);
			name = weibpUITests;
			productName = weibpUITests;
			productReference = 18A05CA21E8E1E4200E3E44E /* weibpUITests.xctest */;
			productType = "com.apple.product-type.bundle.ui-testing";
		};
/* End PBXNativeTarget section */

/* Begin PBXProject section */
		18A05C761E8E1E4200E3E44E /* Project object */ = {
			isa = PBXProject;
			attributes = {
				LastUpgradeCheck = 0820;
				ORGANIZATIONNAME = dasousuo;
				TargetAttributes = {
					18A05C7D1E8E1E4200E3E44E = {
						CreatedOnToolsVersion = 8.2.1;
						DevelopmentTeam = L328VGUG25;
						ProvisioningStyle = Automatic;
					};
					18A05C961E8E1E4200E3E44E = {
						CreatedOnToolsVersion = 8.2.1;
						DevelopmentTeam = L328VGUG25;
						ProvisioningStyle = Automatic;
						TestTargetID = 18A05C7D1E8E1E4200E3E44E;
					};
					18A05CA11E8E1E4200E3E44E = {
						CreatedOnToolsVersion = 8.2.1;
						DevelopmentTeam = L328VGUG25;
						ProvisioningStyle = Automatic;
						TestTargetID = 18A05C7D1E8E1E4200E3E44E;
					};
				};
			};
			buildConfigurationList = 18A05C791E8E1E4200E3E44E /* Build configuration list for PBXProject "weibp" */;
			compatibilityVersion = "Xcode 3.2";
			developmentRegion = English;
			hasScannedForEncodings = 0;
			knownRegions = (
				en,
				Base,
			);
			mainGroup = 18A05C751E8E1E4200E3E44E;
			productRefGroup = 18A05C7F1E8E1E4200E3E44E /* Products */;
			projectDirPath = "";
			projectRoot = "";
			targets = (
				18A05C7D1E8E1E4200E3E44E /* weibp */,
				18A05C961E8E1E4200E3E44E /* weibpTests */,
				18A05CA11E8E1E4200E3E44E /* weibpUITests */,
			);
		};
/* End PBXProject section */

/* Begin PBXResourcesBuildPhase section */
		18A05C7C1E8E1E4200E3E44E /* Resources */ = {
			isa = PBXResourcesBuildPhase;
			buildActionMask = 2147483647;
			files = (
				18A05C911E8E1E4200E3E44E /* LaunchScreen.storyboard in Resources */,
				18A05C8E1E8E1E4200E3E44E /* Assets.xcassets in Resources */,
				18A05C8C1E8E1E4200E3E44E /* Main.storyboard in Resources */,
			);
			runOnlyForDeploymentPostprocessing = 0;
		};
		18A05C951E8E1E4200E3E44E /* Resources */ = {
			isa = PBXResourcesBuildPhase;
			buildActionMask = 2147483647;
			files = (
			);
			runOnlyForDeploymentPostprocessing = 0;
		};
		18A05CA01E8E1E4200E3E44E /* Resources */ = {
			isa = PBXResourcesBuildPhase;
			buildActionMask = 2147483647;
			files = (
			);
			runOnlyForDeploymentPostprocessing = 0;
		};
/* End PBXResourcesBuildPhase section */

/* Begin PBXSourcesBuildPhase section */
		18A05C7A1E8E1E4200E3E44E /* Sources */ = {
			isa = PBXSourcesBuildPhase;
			buildActionMask = 2147483647;
			files = (
				18A05C891E8E1E4200E3E44E /* ViewController.m in Sources */,
				18A05C861E8E1E4200E3E44E /* AppDelegate.m in Sources */,
				18A05C831E8E1E4200E3E44E /* main.m in Sources */,
			);
			runOnlyForDeploymentPostprocessing = 0;
		};
		18A05C931E8E1E4200E3E44E /* Sources */ = {
			isa = PBXSourcesBuildPhase;
			buildActionMask = 2147483647;
			files = (
				18A05C9C1E8E1E4200E3E44E /* weibpTests.m in Sources */,
			);
			runOnlyForDeploymentPostprocessing = 0;
		};
		18A05C9E1E8E1E4200E3E44E /* Sources */ = {
			isa = PBXSourcesBuildPhase;
			buildActionMask = 2147483647;
			files = (
				18A05CA71E8E1E4200E3E44E /* weibpUITests.m in Sources */,
			);
			runOnlyForDeploymentPostprocessing = 0;
		};
/* End PBXSourcesBuildPhase section */

/* Begin PBXTargetDependency section */
		18A05C991E8E1E4200E3E44E /* PBXTargetDependency */ = {
			isa = PBXTargetDependency;
			target = 18A05C7D1E8E1E4200E3E44E /* weibp */;
			targetProxy = 18A05C981E8E1E4200E3E44E /* PBXContainerItemProxy */;
		};
		18A05CA41E8E1E4200E3E44E /* PBXTargetDependency */ = {
			isa = PBXTargetDependency;
			target = 18A05C7D1E8E1E4200E3E44E /* weibp */;
			targetProxy = 18A05CA31E8E1E4200E3E44E /* PBXContainerItemProxy */;
		};
/* End PBXTargetDependency section */

/* Begin PBXVariantGroup section */
		18A05C8A1E8E1E4200E3E44E /* Main.storyboard */ = {
			isa = PBXVariantGroup;
			children = (
				18A05C8B1E8E1E4200E3E44E /* Base */,
			);
			name = Main.storyboard;
			sourceTree = "<group>";
		};
		18A05C8F1E8E1E4200E3E44E /* LaunchScreen.storyboard */ = {
			isa = PBXVariantGroup;
			children = (
				18A05C901E8E1E4200E3E44E /* Base */,
			);
			name = LaunchScreen.storyboard;
			sourceTree = "<group>";
		};
/* End PBXVariantGroup section */

/* Begin XCBuildConfiguration section */
		18A05CA91E8E1E4200E3E44E /* Debug */ = {
			isa = XCBuildConfiguration;
			buildSettings = {
				ALWAYS_SEARCH_USER_PATHS = NO;
				CLANG_ANALYZER_NONNULL = YES;
				CLANG_CXX_LANGUAGE_STANDARD = "gnu++0x";
				CLANG_CXX_LIBRARY = "libc++";
				CLANG_ENABLE_MODULES = YES;
				CLANG_ENABLE_OBJC_ARC = YES;
				CLANG_WARN_BOOL_CONVERSION = YES;
				CLANG_WARN_CONSTANT_CONVERSION = YES;
				CLANG_WARN_DIRECT_OBJC_ISA_USAGE = YES_ERROR;
				CLANG_WARN_DOCUMENTATION_COMMENTS = YES;
				CLANG_WARN_EMPTY_BODY = YES;
				CLANG_WARN_ENUM_CONVERSION = YES;
				CLANG_WARN_INFINITE_RECURSION = YES;
				CLANG_WARN_INT_CONVERSION = YES;
				CLANG_WARN_OBJC_ROOT_CLASS = YES_ERROR;
				CLANG_WARN_SUSPICIOUS_MOVE = YES;
				CLANG_WARN_UNREACHABLE_CODE = YES;
				CLANG_WARN__DUPLICATE_METHOD_MATCH = YES;
				"CODE_SIGN_IDENTITY[sdk=iphoneos*]" = "iPhone Developer";
				COPY_PHASE_STRIP = NO;
				DEBUG_INFORMATION_FORMAT = dwarf;
				ENABLE_STRICT_OBJC_MSGSEND = YES;
				ENABLE_TESTABILITY = YES;
				GCC_C_LANGUAGE_STANDARD = gnu99;
				GCC_DYNAMIC_NO_PIC = NO;
				GCC_NO_COMMON_BLOCKS = YES;
				GCC_OPTIMIZATION_LEVEL = 0;
				GCC_PREPROCESSOR_DEFINITIONS = (
					"DEBUG=1",
					"$(inherited)",
				);
				GCC_WARN_64_TO_32_BIT_CONVERSION = YES;
				GCC_WARN_ABOUT_RETURN_TYPE = YES_ERROR;
				GCC_WARN_UNDECLARED_SELECTOR = YES;
				GCC_WARN_UNINITIALIZED_AUTOS = YES_AGGRESSIVE;
				GCC_WARN_UNUSED_FUNCTION = YES;
				GCC_WARN_UNUSED_VARIABLE = YES;
				IPHONEOS_DEPLOYMENT_TARGET = 10.2;
				MTL_ENABLE_DEBUG_INFO = YES;
				ONLY_ACTIVE_ARCH = YES;
				SDKROOT = iphoneos;
			};
			name = Debug;
		};
		18A05CAA1E8E1E4200E3E44E /* Release */ = {
			isa = XCBuildConfiguration;
			buildSettings = {
				ALWAYS_SEARCH_USER_PATHS = NO;
				CLANG_ANALYZER_NONNULL = YES;
				CLANG_CXX_LANGUAGE_STANDARD = "gnu++0x";
				CLANG_CXX_LIBRARY = "libc++";
				CLANG_ENABLE_MODULES = YES;
				CLANG_ENABLE_OBJC_ARC = YES;
				CLANG_WARN_BOOL_CONVERSION = YES;
				CLANG_WARN_CONSTANT_CONVERSION = YES;
				CLANG_WARN_DIRECT_OBJC_ISA_USAGE = YES_ERROR;
				CLANG_WARN_DOCUMENTATION_COMMENTS = YES;
				CLANG_WARN_EMPTY_BODY = YES;
				CLANG_WARN_ENUM_CONVERSION = YES;
				CLANG_WARN_INFINITE_RECURSION = YES;
				CLANG_WARN_INT_CONVERSION = YES;
				CLANG_WARN_OBJC_ROOT_CLASS = YES_ERROR;
				CLANG_WARN_SUSPICIOUS_MOVE = YES;
				CLANG_WARN_UNREACHABLE_CODE = YES;
				CLANG_WARN__DUPLICATE_METHOD_MATCH = YES;
				"CODE_SIGN_IDENTITY[sdk=iphoneos*]" = "iPhone Developer";
				COPY_PHASE_STRIP = NO;
				DEBUG_INFORMATION_FORMAT = "dwarf-with-dsym";
				ENABLE_NS_ASSERTIONS = NO;
				ENABLE_STRICT_OBJC_MSGSEND = YES;
				GCC_C_LANGUAGE_STANDARD = gnu99;
				GCC_NO_COMMON_BLOCKS = YES;
				GCC_WARN_64_TO_32_BIT_CONVERSION = YES;
				GCC_WARN_ABOUT_RETURN_TYPE = YES_ERROR;
				GCC_WARN_UNDECLARED_SELECTOR = YES;
				GCC_WARN_UNINITIALIZED_AUTOS = YES_AGGRESSIVE;
				GCC_WARN_UNUSED_FUNCTION = YES;
				GCC_WARN_UNUSED_VARIABLE = YES;
				IPHONEOS_DEPLOYMENT_TARGET = 10.2;
				MTL_ENABLE_DEBUG_INFO = NO;
				SDKROOT = iphoneos;
				VALIDATE_PRODUCT = YES;
			};
			name = Release;
		};
		18A05CAC1E8E1E4200E3E44E /* Debug */ = {
			isa = XCBuildConfiguration;
			buildSettings = {
				ASSETCATALOG_COMPILER_APPICON_NAME = AppIcon;
				DEVELOPMENT_TEAM = L328VGUG25;
				INFOPLIST_FILE = weibp/Info.plist;
				LD_RUNPATH_SEARCH_PATHS = "$(inherited) @executable_path/Frameworks";
				PRODUCT_BUNDLE_IDENTIFIER = com.dasousuo.weibp;
				PRODUCT_NAME = "$(TARGET_NAME)";
			};
			name = Debug;
		};
		18A05CAD1E8E1E4200E3E44E /* Release */ = {
			isa = XCBuildConfiguration;
			buildSettings = {
				ASSETCATALOG_COMPILER_APPICON_NAME = AppIcon;
				DEVELOPMENT_TEAM = L328VGUG25;
				INFOPLIST_FILE = weibp/Info.plist;
				LD_RUNPATH_SEARCH_PATHS = "$(inherited) @executable_path/Frameworks";
				PRODUCT_BUNDLE_IDENTIFIER = com.dasousuo.weibp;
				PRODUCT_NAME = "$(TARGET_NAME)";
			};
			name = Release;
		};
		18A05CAF1E8E1E4200E3E44E /* Debug */ = {
			isa = XCBuildConfiguration;
			buildSettings = {
				BUNDLE_LOADER = "$(TEST_HOST)";
				DEVELOPMENT_TEAM = L328VGUG25;
				INFOPLIST_FILE = weibpTests/Info.plist;
				LD_RUNPATH_SEARCH_PATHS = "$(inherited) @executable_path/Frameworks @loader_path/Frameworks";
				PRODUCT_BUNDLE_IDENTIFIER = com.dasousuo.weibpTests;
				PRODUCT_NAME = "$(TARGET_NAME)";
				TEST_HOST = "$(BUILT_PRODUCTS_DIR)/weibp.app/weibp";
			};
			name = Debug;
		};
		18A05CB01E8E1E4200E3E44E /* Release */ = {
			isa = XCBuildConfiguration;
			buildSettings = {
				BUNDLE_LOADER = "$(TEST_HOST)";
				DEVELOPMENT_TEAM = L328VGUG25;
				INFOPLIST_FILE = weibpTests/Info.plist;
				LD_RUNPATH_SEARCH_PATHS = "$(inherited) @executable_path/Frameworks @loader_path/Frameworks";
				PRODUCT_BUNDLE_IDENTIFIER = com.dasousuo.weibpTests;
				PRODUCT_NAME = "$(TARGET_NAME)";
				TEST_HOST = "$(BUILT_PRODUCTS_DIR)/weibp.app/weibp";
			};
			name = Release;
		};
		18A05CB21E8E1E4200E3E44E /* Debug */ = {
			isa = XCBuildConfiguration;
			buildSettings = {
				DEVELOPMENT_TEAM = L328VGUG25;
				INFOPLIST_FILE = weibpUITests/Info.plist;
				LD_RUNPATH_SEARCH_PATHS = "$(inherited) @executable_path/Frameworks @loader_path/Frameworks";
				PRODUCT_BUNDLE_IDENTIFIER = com.dasousuo.weibpUITests;
				PRODUCT_NAME = "$(TARGET_NAME)";
				TEST_TARGET_NAME = weibp;
			};
			name = Debug;
		};
		18A05CB31E8E1E4200E3E44E /* Release */ = {
			isa = XCBuildConfiguration;
			buildSettings = {
				DEVELOPMENT_TEAM = L328VGUG25;
				INFOPLIST_FILE = weibpUITests/Info.plist;
				LD_RUNPATH_SEARCH_PATHS = "$(inherited) @executable_path/Frameworks @loader_path/Frameworks";
				PRODUCT_BUNDLE_IDENTIFIER = com.dasousuo.weibpUITests;
				PRODUCT_NAME = "$(TARGET_NAME)";
				TEST_TARGET_NAME = weibp;
			};
			name = Release;
		};
/* End XCBuildConfiguration section */

/* Begin XCConfigurationList section */
		18A05C791E8E1E4200E3E44E /* Build configuration list for PBXProject "weibp" */ = {
			isa = XCConfigurationList;
			buildConfigurations = (
				18A05CA91E8E1E4200E3E44E /* Debug */,
				18A05CAA1E8E1E4200E3E44E /* Release */,
			);
			defaultConfigurationIsVisible = 0;
			defaultConfigurationName = Release;
		};
		18A05CAB1E8E1E4200E3E44E /* Build configuration list for PBXNativeTarget "weibp" */ = {
			isa = XCConfigurationList;
			buildConfigurations = (
				18A05CAC1E8E1E4200E3E44E /* Debug */,
				18A05CAD1E8E1E4200E3E44E /* Release */,
			);
			defaultConfigurationIsVisible = 0;
		};
		18A05CAE1E8E1E4200E3E44E /* Build configuration list for PBXNativeTarget "weibpTests" */ = {
			isa = XCConfigurationList;
			buildConfigurations = (
				18A05CAF1E8E1E4200E3E44E /* Debug */,
				18A05CB01E8E1E4200E3E44E /* Release */,
			);
			defaultConfigurationIsVisible = 0;
		};
		18A05CB11E8E1E4200E3E44E /* Build configuration list for PBXNativeTarget "weibpUITests" */ = {
			isa = XCConfigurationList;
			buildConfigurations = (
				18A05CB21E8E1E4200E3E44E /* Debug */,
				18A05CB31E8E1E4200E3E44E /* Release */,
			);
			defaultConfigurationIsVisible = 0;
		};
/* End XCConfigurationList section */
	};
	rootObject = 18A05C761E8E1E4200E3E44E /* Project object */;
}
